
Microsoft Visual Studio Solution File, Format Version 12.00
# Visual Studio Version 17
VisualStudioVersion = 17.3.32929.385
MinimumVisualStudioVersion = 10.0.40219.1
Project("{8BC9CEB8-8B4A-11D0-8D11-00A0C91BC942}") = "GoldRush", "GoldRush\GoldRush.vcxproj", "{8C127A2E-A38E-40F5-B2BE-ACFF8327850C}"
EndProject
Global
	GlobalSection(SolutionConfigurationPlatforms) = preSolution
		Debug|x64 = Debug|x64
		Debug|x86 = Debug|x86
		Release|x64 = Release|x64
		Release|x86 = Release|x86
	EndGlobalSection
	GlobalSection(ProjectConfigurationPlatforms) = postSolution
		{8C127A2E-A38E-40F5-B2BE-ACFF8327850C}.Debug|x64.ActiveCfg = Debug|x64
		{8C127A2E-A38E-40F5-B2BE-ACFF8327850C}.Debug|x64.Build.0 = Debug|x64
		{8C127A2E-A38E-40F5-B2BE-ACFF8327850C}.Debug|x86.ActiveCfg = Debug|Win32
		{8C127A2E-A38E-40F5-B2BE-ACFF8327850C}.Debug|x86.Build.0 = Debug|Win32
		{8C127A2E-A38E-40F5-B2BE-ACFF8327850C}.Release|x64.ActiveCfg = Release|x64
		{8C127A2E-A38E-40F5-B2BE-ACFF8327850C}.Release|x64.Build.0 = Release|x64
		{8C127A2E-A38E-40F5-B2BE-ACFF8327850C}.Release|x86.ActiveCfg = Release|Win32
		{8C127A2E-A38E-40F5-B2BE-ACFF8327850C}.Release|x86.Build.0 = Release|Win32
	EndGlobalSection
	GlobalSection(SolutionProperties) = preSolution
		HideSolutionNode = FALSE
	EndGlobalSection
	GlobalSection(ExtensibilityGlobals) = postSolution
		SolutionGuid = {6D403DC8-002C-4944-88FA-201A4DF791AB}
	EndGlobalSection
EndGlobal
